// !$*UTF8*$!
{
	archiveVersion = 1;
	classes = {
	};
	objectVersion = 50;
	objects = {

/* Begin PBXBuildFile section */
		D311A1A2246E558A00FAB8C2 /* AppDelegate.swift in Sources */ = {isa = PBXBuildFile; fileRef = D311A1A1246E558A00FAB8C2 /* AppDelegate.swift */; };
		D311A1A4246E558A00FAB8C2 /* ViewController.swift in Sources */ = {isa = PBXBuildFile; fileRef = D311A1A3246E558A00FAB8C2 /* ViewController.swift */; };
		D311A1A6246E558A00FAB8C2 /* Experience.rcproject in Sources */ = {isa = PBXBuildFile; fileRef = D311A1A5246E558A00FAB8C2 /* Experience.rcproject */; };
		D311A1AB246E558B00FAB8C2 /* Assets.xcassets in Resources */ = {isa = PBXBuildFile; fileRef = D311A1AA246E558B00FAB8C2 /* Assets.xcassets */; };
		D311A1AE246E558B00FAB8C2 /* LaunchScreen.storyboard in Resources */ = {isa = PBXBuildFile; fileRef = D311A1AC246E558B00FAB8C2 /* LaunchScreen.storyboard */; };
		D311A1B4246E644A00FAB8C2 /* Base.swift in Sources */ = {isa = PBXBuildFile; fileRef = D311A1B3246E644A00FAB8C2 /* Base.swift */; };
		D31CAD3A246E65B500168D3A /* ViewController.storyboard in Resources */ = {isa = PBXBuildFile; fileRef = D31CAD39246E65B500168D3A /* ViewController.storyboard */; };
		D31CAD3C246E665300168D3A /* QuizViewController.swift in Sources */ = {isa = PBXBuildFile; fileRef = D31CAD3B246E665300168D3A /* QuizViewController.swift */; };
		D31CAD3E246E665D00168D3A /* QuizViewController.storyboard in Resources */ = {isa = PBXBuildFile; fileRef = D31CAD3D246E665D00168D3A /* QuizViewController.storyboard */; };
/* End PBXBuildFile section */

/* Begin PBXFileReference section */
		D311A1A1246E558A00FAB8C2 /* AppDelegate.swift */ = {isa = PBXFileReference; lastKnownFileType = sourcecode.swift; path = AppDelegate.swift; sourceTree = "<group>"; };
		D311A1A3246E558A00FAB8C2 /* ViewController.swift */ = {isa = PBXFileReference; lastKnownFileType = sourcecode.swift; path = ViewController.swift; sourceTree = "<group>"; };
		D311A1A5246E558A00FAB8C2 /* Experience.rcproject */ = {isa = PBXFileReference; lastKnownFileType = file.rcproject; path = Experience.rcproject; sourceTree = "<group>"; };
		D311A1AA246E558B00FAB8C2 /* Assets.xcassets */ = {isa = PBXFileReference; lastKnownFileType = folder.assetcatalog; path = Assets.xcassets; sourceTree = "<group>"; };
		D311A1AD246E558B00FAB8C2 /* Base */ = {isa = PBXFileReference; lastKnownFileType = file.storyboard; name = Base; path = Base.lproj/LaunchScreen.storyboard; sourceTree = "<group>"; };
		D311A1AF246E558B00FAB8C2 /* Info.plist */ = {isa = PBXFileReference; lastKnownFileType = text.plist.xml; path = Info.plist; sourceTree = "<group>"; };
		D311A1B3246E644A00FAB8C2 /* Base.swift */ = {isa = PBXFileReference; lastKnownFileType = sourcecode.swift; path = Base.swift; sourceTree = "<group>"; };
		D31CAD38246E657B00168D3A /* SwiftWorkbook.app */ = {isa = PBXFileReference; explicitFileType = wrapper.application; includeInIndex = 0; path = SwiftWorkbook.app; sourceTree = BUILT_PRODUCTS_DIR; };
		D31CAD39246E65B500168D3A /* ViewController.storyboard */ = {isa = PBXFileReference; lastKnownFileType = file.storyboard; path = ViewController.storyboard; sourceTree = "<group>"; };
		D31CAD3B246E665300168D3A /* QuizViewController.swift */ = {isa = PBXFileReference; lastKnownFileType = sourcecode.swift; path = QuizViewController.swift; sourceTree = "<group>"; };
		D31CAD3D246E665D00168D3A /* QuizViewController.storyboard */ = {isa = PBXFileReference; lastKnownFileType = file.storyboard; path = QuizViewController.storyboard; sourceTree = "<group>"; };
/* End PBXFileReference section */

/* Begin PBXFrameworksBuildPhase section */
		D311A19C246E558A00FAB8C2 /* Frameworks */ = {
			isa = PBXFrameworksBuildPhase;
			buildActionMask = 2147483647;
			files = (
			);
			runOnlyForDeploymentPostprocessing = 0;
		};
/* End PBXFrameworksBuildPhase section */

/* Begin PBXGroup section */
		D311A1A0246E558A00FAB8C2 /* SwiftWorkbook */ = {
			isa = PBXGroup;
			children = (
				D311A1A1246E558A00FAB8C2 /* AppDelegate.swift */,
				D311A1A3246E558A00FAB8C2 /* ViewController.swift */,
				D311A1A5246E558A00FAB8C2 /* Experience.rcproject */,
				D311A1AA246E558B00FAB8C2 /* Assets.xcassets */,
				D311A1AC246E558B00FAB8C2 /* LaunchScreen.storyboard */,
				D311A1AF246E558B00FAB8C2 /* Info.plist */,
				D311A1B3246E644A00FAB8C2 /* Base.swift */,
				D31CAD39246E65B500168D3A /* ViewController.storyboard */,
				D31CAD3B246E665300168D3A /* QuizViewController.swift */,
				D31CAD3D246E665D00168D3A /* QuizViewController.storyboard */,
			);
			path = SwiftWorkbook;
			sourceTree = "<group>";
		};
		D397028D246E3F6B00C5A8E2 = {
			isa = PBXGroup;
			children = (
				D311A1A0246E558A00FAB8C2 /* SwiftWorkbook */,
				D31CAD38246E657B00168D3A /* SwiftWorkbook.app */,
			);
			sourceTree = "<group>";
		};
/* End PBXGroup section */

/* Begin PBXNativeTarget section */
		D311A19E246E558A00FAB8C2 /* SwiftWorkbook */ = {
			isa = PBXNativeTarget;
			buildConfigurationList = D311A1B0246E558B00FAB8C2 /* Build configuration list for PBXNativeTarget "SwiftWorkbook" */;
			buildPhases = (
				D311A19B246E558A00FAB8C2 /* Sources */,
				D311A19C246E558A00FAB8C2 /* Frameworks */,
				D311A19D246E558A00FAB8C2 /* Resources */,
			);
			buildRules = (
			);
			dependencies = (
			);
			name = SwiftWorkbook;
			productName = SwiftWorkbook;
			productReference = D31CAD38246E657B00168D3A /* SwiftWorkbook.app */;
			productType = "com.apple.product-type.application";
		};
/* End PBXNativeTarget section */

/* Begin PBXProject section */
		D397028E246E3F6B00C5A8E2 /* Project object */ = {
			isa = PBXProject;
			attributes = {
				LastSwiftUpdateCheck = 1140;
				LastUpgradeCheck = 1140;
				ORGANIZATIONNAME = "Fumiya Tanaka";
				TargetAttributes = {
					D311A19E246E558A00FAB8C2 = {
						CreatedOnToolsVersion = 11.4.1;
					};
				};
			};
			buildConfigurationList = D3970291246E3F6B00C5A8E2 /* Build configuration list for PBXProject "SwiftWorkbook" */;
			compatibilityVersion = "Xcode 9.3";
			developmentRegion = en;
			hasScannedForEncodings = 0;
			knownRegions = (
				en,
				Base,
			);
			mainGroup = D397028D246E3F6B00C5A8E2;
			productRefGroup = D397028D246E3F6B00C5A8E2;
			projectDirPath = "";
			projectRoot = "";
			targets = (
				D311A19E246E558A00FAB8C2 /* SwiftWorkbook */,
			);
		};
/* End PBXProject section */

/* Begin PBXResourcesBuildPhase section */
		D311A19D246E558A00FAB8C2 /* Resources */ = {
			isa = PBXResourcesBuildPhase;
			buildActionMask = 2147483647;
			files = (
				D31CAD3E246E665D00168D3A /* QuizViewController.storyboard in Resources */,
				D311A1AE246E558B00FAB8C2 /* LaunchScreen.storyboard in Resources */,
				D311A1AB246E558B00FAB8C2 /* Assets.xcassets in Resources */,
				D31CAD3A246E65B500168D3A /* ViewController.storyboard in Resources */,
			);
			runOnlyForDeploymentPostprocessing = 0;
		};
/* End PBXResourcesBuildPhase section */

/* Begin PBXSourcesBuildPhase section */
		D311A19B246E558A00FAB8C2 /* Sources */ = {
			isa = PBXSourcesBuildPhase;
			buildActionMask = 2147483647;
			files = (
				D311A1B4246E644A00FAB8C2 /* Base.swift in Sources */,
				D31CAD3C246E665300168D3A /* QuizViewController.swift in Sources */,
				D311A1A4246E558A00FAB8C2 /* ViewController.swift in Sources */,
				D311A1A2246E558A00FAB8C2 /* AppDelegate.swift in Sources */,
				D311A1A6246E558A00FAB8C2 /* Experience.rcproject in Sources */,
			);
			runOnlyForDeploymentPostprocessing = 0;
		};
/* End PBXSourcesBuildPhase section */

/* Begin PBXVariantGroup section */
		D311A1AC246E558B00FAB8C2 /* LaunchScreen.storyboard */ = {
			isa = PBXVariantGroup;
			children = (
				D311A1AD246E558B00FAB8C2 /* Base */,
			);
			name = LaunchScreen.storyboard;
			sourceTree = "<group>";
		};
/* End PBXVariantGroup section */

/* Begin XCBuildConfiguration section */
		D311A1B1246E558B00FAB8C2 /* Debug */ = {
			isa = XCBuildConfiguration;
			buildSettings = {
				ASSETCATALOG_COMPILER_APPICON_NAME = AppIcon;
				CODE_SIGN_STYLE = Automatic;
				DEVELOPMENT_TEAM = 2X6AD4W323;
				INFOPLIST_FILE = SwiftWorkbook/Info.plist;
				LD_RUNPATH_SEARCH_PATHS = (
					"$(inherited)",
					"@executable_path/Frameworks",
				);
				PRODUCT_BUNDLE_IDENTIFIER = dev.fummicc1.SwiftWorkbook;
				PRODUCT_NAME = "$(TARGET_NAME)";
				SWIFT_VERSION = 5.0;
				TARGETED_DEVICE_FAMILY = "1,2";
			};
			name = Debug;
		};
		D311A1B2246E558B00FAB8C2 /* Release */ = {
			isa = XCBuildConfiguration;
			buildSettings = {
				ASSETCATALOG_COMPILER_APPICON_NAME = AppIcon;
				CODE_SIGN_STYLE = Automatic;
				DEVELOPMENT_TEAM = 2X6AD4W323;
				INFOPLIST_FILE = SwiftWorkbook/Info.plist;
				LD_RUNPATH_SEARCH_PATHS = (
					"$(inherited)",
					"@executable_path/Frameworks",
				);
				PRODUCT_BUNDLE_IDENTIFIER = dev.fummicc1.SwiftWorkbook;
				PRODUCT_NAME = "$(TARGET_NAME)";
				SWIFT_VERSION = 5.0;
				TARGETED_DEVICE_FAMILY = "1,2";
			};
			name = Release;
		};
		D39702A8246E3F6E00C5A8E2 /* Debug */ = {
			isa = XCBuildConfiguration;
			buildSettings = {
				ALWAYS_SEARCH_USER_PATHS = NO;
				CLANG_ANALYZER_NONNULL = YES;
				CLANG_ANALYZER_NUMBER_OBJECT_CONVERSION = YES_AGGRESSIVE;
				CLANG_CXX_LANGUAGE_STANDARD = "gnu++14";
				CLANG_CXX_LIBRARY = "libc++";
				CLANG_ENABLE_MODULES = YES;
				CLANG_ENABLE_OBJC_ARC = YES;
				CLANG_ENABLE_OBJC_WEAK = YES;
				CLANG_WARN_BLOCK_CAPTURE_AUTORELEASING = YES;
				CLANG_WARN_BOOL_CONVERSION = YES;
				CLANG_WARN_COMMA = YES;
				CLANG_WARN_CONSTANT_CONVERSION = YES;
				CLANG_WARN_DEPRECATED_OBJC_IMPLEMENTATIONS = YES;
				CLANG_WARN_DIRECT_OBJC_ISA_USAGE = YES_ERROR;
				CLANG_WARN_DOCUMENTATION_COMMENTS = YES;
				CLANG_WARN_EMPTY_BODY = YES;
				CLANG_WARN_ENUM_CONVERSION = YES;
				CLANG_WARN_INFINITE_RECURSION = YES;
				CLANG_WARN_INT_CONVERSION = YES;
				CLANG_WARN_NON_LITERAL_NULL_CONVERSION = YES;
				CLANG_WARN_OBJC_IMPLICIT_RETAIN_SELF = YES;
				CLANG_WARN_OBJC_LITERAL_CONVERSION = YES;
				CLANG_WARN_OBJC_ROOT_CLASS = YES_ERROR;
				CLANG_WARN_RANGE_LOOP_ANALYSIS = YES;
				CLANG_WARN_STRICT_PROTOTYPES = YES;
				CLANG_WARN_SUSPICIOUS_MOVE = YES;
				CLANG_WARN_UNGUARDED_AVAILABILITY = YES_AGGRESSIVE;
				CLANG_WARN_UNREACHABLE_CODE = YES;
				CLANG_WARN__DUPLICATE_METHOD_MATCH = YES;
				COPY_PHASE_STRIP = NO;
				DEBUG_INFORMATION_FORMAT = dwarf;
				ENABLE_STRICT_OBJC_MSGSEND = YES;
				ENABLE_TESTABILITY = YES;
				GCC_C_LANGUAGE_STANDARD = gnu11;
				GCC_DYNAMIC_NO_PIC = NO;
				GCC_NO_COMMON_BLOCKS = YES;
				GCC_OPTIMIZATION_LEVEL = 0;
				GCC_PREPROCESSOR_DEFINITIONS = (
					"DEBUG=1",
					"$(inherited)",
				);
				GCC_WARN_64_TO_32_BIT_CONVERSION = YES;
				GCC_WARN_ABOUT_RETURN_TYPE = YES_ERROR;
				GCC_WARN_UNDECLARED_SELECTOR = YES;
				GCC_WARN_UNINITIALIZED_AUTOS = YES_AGGRESSIVE;
				GCC_WARN_UNUSED_FUNCTION = YES;
				GCC_WARN_UNUSED_VARIABLE = YES;
				IPHONEOS_DEPLOYMENT_TARGET = 13.4;
				MTL_ENABLE_DEBUG_INFO = INCLUDE_SOURCE;
				MTL_FAST_MATH = YES;
				ONLY_ACTIVE_ARCH = YES;
				SDKROOT = iphoneos;
				SWIFT_ACTIVE_COMPILATION_CONDITIONS = DEBUG;
				SWIFT_OPTIMIZATION_LEVEL = "-Onone";
			};
			name = Debug;
		};
		D39702A9246E3F6E00C5A8E2 /* Release */ = {
			isa = XCBuildConfiguration;
			buildSettings = {
				ALWAYS_SEARCH_USER_PATHS = NO;
				CLANG_ANALYZER_NONNULL = YES;
				CLANG_ANALYZER_NUMBER_OBJECT_CONVERSION = YES_AGGRESSIVE;
				CLANG_CXX_LANGUAGE_STANDARD = "gnu++14";
				CLANG_CXX_LIBRARY = "libc++";
				CLANG_ENABLE_MODULES = YES;
				CLANG_ENABLE_OBJC_ARC = YES;
				CLANG_ENABLE_OBJC_WEAK = YES;
				CLANG_WARN_BLOCK_CAPTURE_AUTORELEASING = YES;
				CLANG_WARN_BOOL_CONVERSION = YES;
				CLANG_WARN_COMMA = YES;
				CLANG_WARN_CONSTANT_CONVERSION = YES;
				CLANG_WARN_DEPRECATED_OBJC_IMPLEMENTATIONS = YES;
				CLANG_WARN_DIRECT_OBJC_ISA_USAGE = YES_ERROR;
				CLANG_WARN_DOCUMENTATION_COMMENTS = YES;
				CLANG_WARN_EMPTY_BODY = YES;
				CLANG_WARN_ENUM_CONVERSION = YES;
				CLANG_WARN_INFINITE_RECURSION = YES;
				CLANG_WARN_INT_CONVERSION = YES;
				CLANG_WARN_NON_LITERAL_NULL_CONVERSION = YES;
				CLANG_WARN_OBJC_IMPLICIT_RETAIN_SELF = YES;
				CLANG_WARN_OBJC_LITERAL_CONVERSION = YES;
				CLANG_WARN_OBJC_ROOT_CLASS = YES_ERROR;
				CLANG_WARN_RANGE_LOOP_ANALYSIS = YES;
				CLANG_WARN_STRICT_PROTOTYPES = YES;
				CLANG_WARN_SUSPICIOUS_MOVE = YES;
				CLANG_WARN_UNGUARDED_AVAILABILITY = YES_AGGRESSIVE;
				CLANG_WARN_UNREACHABLE_CODE = YES;
				CLANG_WARN__DUPLICATE_METHOD_MATCH = YES;
				COPY_PHASE_STRIP = NO;
				DEBUG_INFORMATION_FORMAT = "dwarf-with-dsym";
				ENABLE_NS_ASSERTIONS = NO;
				ENABLE_STRICT_OBJC_MSGSEND = YES;
				GCC_C_LANGUAGE_STANDARD = gnu11;
				GCC_NO_COMMON_BLOCKS = YES;
				GCC_WARN_64_TO_32_BIT_CONVERSION = YES;
				GCC_WARN_ABOUT_RETURN_TYPE = YES_ERROR;
				GCC_WARN_UNDECLARED_SELECTOR = YES;
				GCC_WARN_UNINITIALIZED_AUTOS = YES_AGGRESSIVE;
				GCC_WARN_UNUSED_FUNCTION = YES;
				GCC_WARN_UNUSED_VARIABLE = YES;
				IPHONEOS_DEPLOYMENT_TARGET = 13.4;
				MTL_ENABLE_DEBUG_INFO = NO;
				MTL_FAST_MATH = YES;
				SDKROOT = iphoneos;
				SWIFT_COMPILATION_MODE = wholemodule;
				SWIFT_OPTIMIZATION_LEVEL = "-O";
				VALIDATE_PRODUCT = YES;
			};
			name = Release;
		};
/* End XCBuildConfiguration section */

/* Begin XCConfigurationList section */
		D311A1B0246E558B00FAB8C2 /* Build configuration list for PBXNativeTarget "SwiftWorkbook" */ = {
			isa = XCConfigurationList;
			buildConfigurations = (
				D311A1B1246E558B00FAB8C2 /* Debug */,
				D311A1B2246E558B00FAB8C2 /* Release */,
			);
			defaultConfigurationIsVisible = 0;
			defaultConfigurationName = Release;
		};
		D3970291246E3F6B00C5A8E2 /* Build configuration list for PBXProject "SwiftWorkbook" */ = {
			isa = XCConfigurationList;
			buildConfigurations = (
				D39702A8246E3F6E00C5A8E2 /* Debug */,
				D39702A9246E3F6E00C5A8E2 /* Release */,
			);
			defaultConfigurationIsVisible = 0;
			defaultConfigurationName = Release;
		};
/* End XCConfigurationList section */
	};
	rootObject = D397028E246E3F6B00C5A8E2 /* Project object */;
}
